
Microsoft Visual Studio Solution File, Format Version 12.00
# Visual Studio 15
VisualStudioVersion = 15.0.27130.2003
MinimumVisualStudioVersion = 10.0.40219.1
Project("{FAE04EC0-301F-11D3-BF4B-00C04F79EFBC}") = "CompanyWeb", "CompanyWeb\CompanyWeb.csproj", "{7CC5DD7B-86E7-41F4-8010-378A99DE1248}"
EndProject
Project("{FAE04EC0-301F-11D3-BF4B-00C04F79EFBC}") = "Entities", "Entities\Entities.csproj", "{CFE98158-E5EE-4DB1-AC4F-95A442186275}"
EndProject
Project("{FAE04EC0-301F-11D3-BF4B-00C04F79EFBC}") = "Repository", "Repository\Repository.csproj", "{701B5CC9-40CC-4F0F-8537-1558ED05B82B}"
EndProject
Project("{FAE04EC0-301F-11D3-BF4B-00C04F79EFBC}") = "Services", "Services\Services.csproj", "{D92E529B-327B-4BC5-8536-5EBC58666C7B}"
EndProject
Project("{FAE04EC0-301F-11D3-BF4B-00C04F79EFBC}") = "CompanyAppUnitTests", "CompanyAppUnitTests\CompanyAppUnitTests.csproj", "{BD1C99BB-412F-4079-A500-43FF11491CB1}"
EndProject
Global
	GlobalSection(SolutionConfigurationPlatforms) = preSolution
		Debug|Any CPU = Debug|Any CPU
		Release|Any CPU = Release|Any CPU
	EndGlobalSection
	GlobalSection(ProjectConfigurationPlatforms) = postSolution
		{7CC5DD7B-86E7-41F4-8010-378A99DE1248}.Debug|Any CPU.ActiveCfg = Debug|Any CPU
		{7CC5DD7B-86E7-41F4-8010-378A99DE1248}.Debug|Any CPU.Build.0 = Debug|Any CPU
		{7CC5DD7B-86E7-41F4-8010-378A99DE1248}.Release|Any CPU.ActiveCfg = Release|Any CPU
		{7CC5DD7B-86E7-41F4-8010-378A99DE1248}.Release|Any CPU.Build.0 = Release|Any CPU
		{CFE98158-E5EE-4DB1-AC4F-95A442186275}.Debug|Any CPU.ActiveCfg = Debug|Any CPU
		{CFE98158-E5EE-4DB1-AC4F-95A442186275}.Debug|Any CPU.Build.0 = Debug|Any CPU
		{CFE98158-E5EE-4DB1-AC4F-95A442186275}.Release|Any CPU.ActiveCfg = Release|Any CPU
		{CFE98158-E5EE-4DB1-AC4F-95A442186275}.Release|Any CPU.Build.0 = Release|Any CPU
		{701B5CC9-40CC-4F0F-8537-1558ED05B82B}.Debug|Any CPU.ActiveCfg = Debug|Any CPU
		{701B5CC9-40CC-4F0F-8537-1558ED05B82B}.Debug|Any CPU.Build.0 = Debug|Any CPU
		{701B5CC9-40CC-4F0F-8537-1558ED05B82B}.Release|Any CPU.ActiveCfg = Release|Any CPU
		{701B5CC9-40CC-4F0F-8537-1558ED05B82B}.Release|Any CPU.Build.0 = Release|Any CPU
		{D92E529B-327B-4BC5-8536-5EBC58666C7B}.Debug|Any CPU.ActiveCfg = Debug|Any CPU
		{D92E529B-327B-4BC5-8536-5EBC58666C7B}.Debug|Any CPU.Build.0 = Debug|Any CPU
		{D92E529B-327B-4BC5-8536-5EBC58666C7B}.Release|Any CPU.ActiveCfg = Release|Any CPU
		{D92E529B-327B-4BC5-8536-5EBC58666C7B}.Release|Any CPU.Build.0 = Release|Any CPU
		{BD1C99BB-412F-4079-A500-43FF11491CB1}.Debug|Any CPU.ActiveCfg = Debug|Any CPU
		{BD1C99BB-412F-4079-A500-43FF11491CB1}.Debug|Any CPU.Build.0 = Debug|Any CPU
		{BD1C99BB-412F-4079-A500-43FF11491CB1}.Release|Any CPU.ActiveCfg = Release|Any CPU
		{BD1C99BB-412F-4079-A500-43FF11491CB1}.Release|Any CPU.Build.0 = Release|Any CPU
	EndGlobalSection
	GlobalSection(SolutionProperties) = preSolution
		HideSolutionNode = FALSE
	EndGlobalSection
	GlobalSection(ExtensibilityGlobals) = postSolution
		SolutionGuid = {59F85857-2DB8-4C34-BE9F-9BDE0E13DD19}
	EndGlobalSection
EndGlobal
